%{"eredis": {:hex, :eredis, "1.0.8", "ab4fda1c4ba7fbe6c19c26c249dc13da916d762502c4b4fa2df401a8d51c5364", [:rebar], []},
  "exredis": {:hex, :exredis, "0.2.2", "f72159ce0625f622d05025bd8747769375079da932ea7980ab74f204ddbf2b18", [:mix], [{:eredis, ">= 1.0.8", [hex: :eredis, optional: false]}]},
  "uuid": {:hex, :uuid, "1.0.1", "ebb032f2b429761540ca3e67436d1eb140206f139ddb7e1f2cc24b77cb4af45b", [:mix], []}}
